
Microsoft Visual Studio Solution File, Format Version 12.00
# Visual Studio 2013
VisualStudioVersion = 12.0.30324.0
MinimumVisualStudioVersion = 10.0.40219.1
Project("{FAE04EC0-301F-11D3-BF4B-00C04F79EFBC}") = "01. PrintsSortedCoursesWithStudents", "01. PrintsSortedCoursesWithStudents\01. PrintsSortedCoursesWithStudents.csproj", "{16A148EA-9595-4338-8664-093C99527145}"
EndProject
Project("{FAE04EC0-301F-11D3-BF4B-00C04F79EFBC}") = "02. OrderedMultiDictPerformance", "02. OrderedMultiDictPerformance\02. OrderedMultiDictPerformance.csproj", "{387A8271-D7C9-4585-9968-FCC49B4BB5AE}"
EndProject
Project("{FAE04EC0-301F-11D3-BF4B-00C04F79EFBC}") = "03. BiDictionary", "03. BiDictionary\03. BiDictionary.csproj", "{B26C81BD-0DCC-4787-A88B-A047EE91C57E}"
EndProject
Global
	GlobalSection(SolutionConfigurationPlatforms) = preSolution
		Debug|Any CPU = Debug|Any CPU
		Release|Any CPU = Release|Any CPU
	EndGlobalSection
	GlobalSection(ProjectConfigurationPlatforms) = postSolution
		{16A148EA-9595-4338-8664-093C99527145}.Debug|Any CPU.ActiveCfg = Debug|Any CPU
		{16A148EA-9595-4338-8664-093C99527145}.Debug|Any CPU.Build.0 = Debug|Any CPU
		{16A148EA-9595-4338-8664-093C99527145}.Release|Any CPU.ActiveCfg = Release|Any CPU
		{16A148EA-9595-4338-8664-093C99527145}.Release|Any CPU.Build.0 = Release|Any CPU
		{387A8271-D7C9-4585-9968-FCC49B4BB5AE}.Debug|Any CPU.ActiveCfg = Debug|Any CPU
		{387A8271-D7C9-4585-9968-FCC49B4BB5AE}.Debug|Any CPU.Build.0 = Debug|Any CPU
		{387A8271-D7C9-4585-9968-FCC49B4BB5AE}.Release|Any CPU.ActiveCfg = Release|Any CPU
		{387A8271-D7C9-4585-9968-FCC49B4BB5AE}.Release|Any CPU.Build.0 = Release|Any CPU
		{B26C81BD-0DCC-4787-A88B-A047EE91C57E}.Debug|Any CPU.ActiveCfg = Debug|Any CPU
		{B26C81BD-0DCC-4787-A88B-A047EE91C57E}.Debug|Any CPU.Build.0 = Debug|Any CPU
		{B26C81BD-0DCC-4787-A88B-A047EE91C57E}.Release|Any CPU.ActiveCfg = Release|Any CPU
		{B26C81BD-0DCC-4787-A88B-A047EE91C57E}.Release|Any CPU.Build.0 = Release|Any CPU
	EndGlobalSection
	GlobalSection(SolutionProperties) = preSolution
		HideSolutionNode = FALSE
	EndGlobalSection
EndGlobal
