
Microsoft Visual Studio Solution File, Format Version 12.00
# Visual Studio 2013
VisualStudioVersion = 12.0.30324.0
MinimumVisualStudioVersion = 10.0.40219.1
Project("{FAE04EC0-301F-11D3-BF4B-00C04F79EFBC}") = "01. PriorityQueue", "01. PriorityQueue\01. PriorityQueue.csproj", "{728262B5-DB25-42BB-A29C-7B937D1F976A}"
EndProject
Project("{FAE04EC0-301F-11D3-BF4B-00C04F79EFBC}") = "02. OrderedBagPerformance", "02. OrderedBagPerformance\02. OrderedBagPerformance.csproj", "{157C8D40-0558-4F34-8BD0-B084BB46EA57}"
EndProject
Project("{FAE04EC0-301F-11D3-BF4B-00C04F79EFBC}") = "03. WordsOccurencesCounter", "03. WordsOccurencesCounter\03. WordsOccurencesCounter.csproj", "{0680DCB1-9133-46D1-916D-7054B1FB083B}"
EndProject
Global
	GlobalSection(SolutionConfigurationPlatforms) = preSolution
		Debug|Any CPU = Debug|Any CPU
		Release|Any CPU = Release|Any CPU
	EndGlobalSection
	GlobalSection(ProjectConfigurationPlatforms) = postSolution
		{728262B5-DB25-42BB-A29C-7B937D1F976A}.Debug|Any CPU.ActiveCfg = Debug|Any CPU
		{728262B5-DB25-42BB-A29C-7B937D1F976A}.Debug|Any CPU.Build.0 = Debug|Any CPU
		{728262B5-DB25-42BB-A29C-7B937D1F976A}.Release|Any CPU.ActiveCfg = Release|Any CPU
		{728262B5-DB25-42BB-A29C-7B937D1F976A}.Release|Any CPU.Build.0 = Release|Any CPU
		{157C8D40-0558-4F34-8BD0-B084BB46EA57}.Debug|Any CPU.ActiveCfg = Debug|Any CPU
		{157C8D40-0558-4F34-8BD0-B084BB46EA57}.Debug|Any CPU.Build.0 = Debug|Any CPU
		{157C8D40-0558-4F34-8BD0-B084BB46EA57}.Release|Any CPU.ActiveCfg = Release|Any CPU
		{157C8D40-0558-4F34-8BD0-B084BB46EA57}.Release|Any CPU.Build.0 = Release|Any CPU
		{0680DCB1-9133-46D1-916D-7054B1FB083B}.Debug|Any CPU.ActiveCfg = Debug|Any CPU
		{0680DCB1-9133-46D1-916D-7054B1FB083B}.Debug|Any CPU.Build.0 = Debug|Any CPU
		{0680DCB1-9133-46D1-916D-7054B1FB083B}.Release|Any CPU.ActiveCfg = Release|Any CPU
		{0680DCB1-9133-46D1-916D-7054B1FB083B}.Release|Any CPU.Build.0 = Release|Any CPU
	EndGlobalSection
	GlobalSection(SolutionProperties) = preSolution
		HideSolutionNode = FALSE
	EndGlobalSection
EndGlobal
